
Microsoft Visual Studio Solution File, Format Version 12.00
# Visual Studio Version 17
VisualStudioVersion = 17.13.35913.81 d17.13
MinimumVisualStudioVersion = 10.0.40219.1
Project("{FAE04EC0-301F-11D3-BF4B-00C04F79EFBC}") = "Log in-Sign in_Project", "Log in-Sign in_Project.csproj", "{D8973836-0BF9-43D0-BB52-A260D9101728}"
EndProject
Global
	GlobalSection(SolutionConfigurationPlatforms) = preSolution
		Debug|Any CPU = Debug|Any CPU
		Release|Any CPU = Release|Any CPU
	EndGlobalSection
	GlobalSection(ProjectConfigurationPlatforms) = postSolution
		{D8973836-0BF9-43D0-BB52-A260D9101728}.Debug|Any CPU.ActiveCfg = Debug|Any CPU
		{D8973836-0BF9-43D0-BB52-A260D9101728}.Debug|Any CPU.Build.0 = Debug|Any CPU
		{D8973836-0BF9-43D0-BB52-A260D9101728}.Release|Any CPU.ActiveCfg = Release|Any CPU
		{D8973836-0BF9-43D0-BB52-A260D9101728}.Release|Any CPU.Build.0 = Release|Any CPU
	EndGlobalSection
	GlobalSection(SolutionProperties) = preSolution
		HideSolutionNode = FALSE
	EndGlobalSection
	GlobalSection(ExtensibilityGlobals) = postSolution
		SolutionGuid = {FF869F30-B1C1-4949-988F-03485DA9C96E}
	EndGlobalSection
EndGlobal
